// !$*UTF8*$!
{
	archiveVersion = 1;
	classes = {
	};
	objectVersion = 46;
	objects = {

/* Begin PBXBuildFile section */
		D308305B1D0B026200DA49FA /* AVKit.framework in Frameworks */ = {isa = PBXBuildFile; fileRef = D308305A1D0B026200DA49FA /* AVKit.framework */; };
		D309C4821D04CFC1007FD5C8 /* Menu Selection Click.wav in Resources */ = {isa = PBXBuildFile; fileRef = D309C4811D04CFC1007FD5C8 /* Menu Selection Click.wav */; };
		D309C48A1D063DBF007FD5C8 /* BallDeflectedSound5.mp3 in Resources */ = {isa = PBXBuildFile; fileRef = D309C4891D063DBF007FD5C8 /* BallDeflectedSound5.mp3 */; };
		D309C48C1D073DA3007FD5C8 /* IncorrectSound1.mp3 in Resources */ = {isa = PBXBuildFile; fileRef = D309C48B1D073DA3007FD5C8 /* IncorrectSound1.mp3 */; };
		D309C4901D07895E007FD5C8 /* Powerup2.mp3 in Resources */ = {isa = PBXBuildFile; fileRef = D309C48F1D07895E007FD5C8 /* Powerup2.mp3 */; };
		D380FBDB1CFCD62700E440C0 /* AppDelegate.swift in Sources */ = {isa = PBXBuildFile; fileRef = D380FBDA1CFCD62700E440C0 /* AppDelegate.swift */; };
		D380FBE11CFCD62700E440C0 /* GameViewController.swift in Sources */ = {isa = PBXBuildFile; fileRef = D380FBE01CFCD62700E440C0 /* GameViewController.swift */; };
		D380FBE41CFCD62700E440C0 /* Main.storyboard in Resources */ = {isa = PBXBuildFile; fileRef = D380FBE21CFCD62700E440C0 /* Main.storyboard */; };
		D380FBE61CFCD62800E440C0 /* Assets.xcassets in Resources */ = {isa = PBXBuildFile; fileRef = D380FBE51CFCD62800E440C0 /* Assets.xcassets */; };
		D380FBE91CFCD62800E440C0 /* LaunchScreen.storyboard in Resources */ = {isa = PBXBuildFile; fileRef = D380FBE71CFCD62800E440C0 /* LaunchScreen.storyboard */; };
		D380FBF41CFCD62800E440C0 /* Deflector_BallsTests.swift in Sources */ = {isa = PBXBuildFile; fileRef = D380FBF31CFCD62800E440C0 /* Deflector_BallsTests.swift */; };
		D380FBFF1CFCD62800E440C0 /* Deflector_BallsUITests.swift in Sources */ = {isa = PBXBuildFile; fileRef = D380FBFE1CFCD62800E440C0 /* Deflector_BallsUITests.swift */; };
		D380FC111CFCD7AF00E440C0 /* MainMenuScene.swift in Sources */ = {isa = PBXBuildFile; fileRef = D380FC101CFCD7AF00E440C0 /* MainMenuScene.swift */; };
		D380FC131CFCD7C600E440C0 /* MainMenuScene.sks in Resources */ = {isa = PBXBuildFile; fileRef = D380FC121CFCD7C600E440C0 /* MainMenuScene.sks */; };
		D380FC161CFCF13600E440C0 /* Prototype.ttf in Resources */ = {isa = PBXBuildFile; fileRef = D380FC151CFCF13600E440C0 /* Prototype.ttf */; };
		D380FC191CFD0C1C00E440C0 /* GameManager.swift in Sources */ = {isa = PBXBuildFile; fileRef = D380FC181CFD0C1C00E440C0 /* GameManager.swift */; };
		D380FC1D1CFD0DB900E440C0 /* Ball.swift in Sources */ = {isa = PBXBuildFile; fileRef = D380FC1C1CFD0DB900E440C0 /* Ball.swift */; };
		D380FC201CFE3DD000E440C0 /* Constants.swift in Sources */ = {isa = PBXBuildFile; fileRef = D380FC1F1CFE3DD000E440C0 /* Constants.swift */; };
		D380FC221CFE3FE700E440C0 /* GameplayScene.swift in Sources */ = {isa = PBXBuildFile; fileRef = D380FC211CFE3FE700E440C0 /* GameplayScene.swift */; };
		D380FC241CFE3FF300E440C0 /* GameplayScene.sks in Resources */ = {isa = PBXBuildFile; fileRef = D380FC231CFE3FF300E440C0 /* GameplayScene.sks */; };
		D39805551CFF8708004FC35A /* GameoverScene.swift in Sources */ = {isa = PBXBuildFile; fileRef = D39805541CFF8708004FC35A /* GameoverScene.swift */; };
		D39805571CFF8715004FC35A /* GameoverScene.sks in Resources */ = {isa = PBXBuildFile; fileRef = D39805561CFF8715004FC35A /* GameoverScene.sks */; };
		D3ABD28C1D0A357400BD904D /* StoreKit.framework in Frameworks */ = {isa = PBXBuildFile; fileRef = D3ABD28B1D0A357400BD904D /* StoreKit.framework */; };
		D3B744A51D04B11400744691 /* GameKit.framework in Frameworks */ = {isa = PBXBuildFile; fileRef = D3B744A41D04B11400744691 /* GameKit.framework */; };
		D3B744A71D04B23300744691 /* GoogleMobileAds.framework in Frameworks */ = {isa = PBXBuildFile; fileRef = D3B744A61D04B23300744691 /* GoogleMobileAds.framework */; };
		D3B744B31D04C00700744691 /* Smoke.sks in Resources */ = {isa = PBXBuildFile; fileRef = D3B744B11D04C00700744691 /* Smoke.sks */; };
/* End PBXBuildFile section */

/* Begin PBXContainerItemProxy section */
		D380FBF01CFCD62800E440C0 /* PBXContainerItemProxy */ = {
			isa = PBXContainerItemProxy;
			containerPortal = D380FBCF1CFCD62700E440C0 /* Project object */;
			proxyType = 1;
			remoteGlobalIDString = D380FBD61CFCD62700E440C0;
			remoteInfo = "Deflector Balls";
		};
		D380FBFB1CFCD62800E440C0 /* PBXContainerItemProxy */ = {
			isa = PBXContainerItemProxy;
			containerPortal = D380FBCF1CFCD62700E440C0 /* Project object */;
			proxyType = 1;
			remoteGlobalIDString = D380FBD61CFCD62700E440C0;
			remoteInfo = "Deflector Balls";
		};
/* End PBXContainerItemProxy section */

/* Begin PBXFileReference section */
		D308305A1D0B026200DA49FA /* AVKit.framework */ = {isa = PBXFileReference; lastKnownFileType = wrapper.framework; name = AVKit.framework; path = System/Library/Frameworks/AVKit.framework; sourceTree = SDKROOT; };
		D309C4811D04CFC1007FD5C8 /* Menu Selection Click.wav */ = {isa = PBXFileReference; lastKnownFileType = audio.wav; path = "Menu Selection Click.wav"; sourceTree = "<group>"; };
		D309C4891D063DBF007FD5C8 /* BallDeflectedSound5.mp3 */ = {isa = PBXFileReference; lastKnownFileType = audio.mp3; path = BallDeflectedSound5.mp3; sourceTree = "<group>"; };
		D309C48B1D073DA3007FD5C8 /* IncorrectSound1.mp3 */ = {isa = PBXFileReference; lastKnownFileType = audio.mp3; path = IncorrectSound1.mp3; sourceTree = "<group>"; };
		D309C48F1D07895E007FD5C8 /* Powerup2.mp3 */ = {isa = PBXFileReference; lastKnownFileType = audio.mp3; path = Powerup2.mp3; sourceTree = "<group>"; };
		D380FBD71CFCD62700E440C0 /* Deflector Balls.app */ = {isa = PBXFileReference; explicitFileType = wrapper.application; includeInIndex = 0; path = "Deflector Balls.app"; sourceTree = BUILT_PRODUCTS_DIR; };
		D380FBDA1CFCD62700E440C0 /* AppDelegate.swift */ = {isa = PBXFileReference; lastKnownFileType = sourcecode.swift; path = AppDelegate.swift; sourceTree = "<group>"; };
		D380FBE01CFCD62700E440C0 /* GameViewController.swift */ = {isa = PBXFileReference; lastKnownFileType = sourcecode.swift; path = GameViewController.swift; sourceTree = "<group>"; };
		D380FBE31CFCD62700E440C0 /* Base */ = {isa = PBXFileReference; lastKnownFileType = file.storyboard; name = Base; path = Base.lproj/Main.storyboard; sourceTree = "<group>"; };
		D380FBE51CFCD62800E440C0 /* Assets.xcassets */ = {isa = PBXFileReference; lastKnownFileType = folder.assetcatalog; path = Assets.xcassets; sourceTree = "<group>"; };
		D380FBE81CFCD62800E440C0 /* Base */ = {isa = PBXFileReference; lastKnownFileType = file.storyboard; name = Base; path = Base.lproj/LaunchScreen.storyboard; sourceTree = "<group>"; };
		D380FBEA1CFCD62800E440C0 /* Info.plist */ = {isa = PBXFileReference; lastKnownFileType = text.plist.xml; path = Info.plist; sourceTree = "<group>"; };
		D380FBEF1CFCD62800E440C0 /* Deflector BallsTests.xctest */ = {isa = PBXFileReference; explicitFileType = wrapper.cfbundle; includeInIndex = 0; path = "Deflector BallsTests.xctest"; sourceTree = BUILT_PRODUCTS_DIR; };
		D380FBF31CFCD62800E440C0 /* Deflector_BallsTests.swift */ = {isa = PBXFileReference; lastKnownFileType = sourcecode.swift; path = Deflector_BallsTests.swift; sourceTree = "<group>"; };
		D380FBF51CFCD62800E440C0 /* Info.plist */ = {isa = PBXFileReference; lastKnownFileType = text.plist.xml; path = Info.plist; sourceTree = "<group>"; };
		D380FBFA1CFCD62800E440C0 /* Deflector BallsUITests.xctest */ = {isa = PBXFileReference; explicitFileType = wrapper.cfbundle; includeInIndex = 0; path = "Deflector BallsUITests.xctest"; sourceTree = BUILT_PRODUCTS_DIR; };
		D380FBFE1CFCD62800E440C0 /* Deflector_BallsUITests.swift */ = {isa = PBXFileReference; lastKnownFileType = sourcecode.swift; path = Deflector_BallsUITests.swift; sourceTree = "<group>"; };
		D380FC001CFCD62800E440C0 /* Info.plist */ = {isa = PBXFileReference; lastKnownFileType = text.plist.xml; path = Info.plist; sourceTree = "<group>"; };
		D380FC101CFCD7AF00E440C0 /* MainMenuScene.swift */ = {isa = PBXFileReference; fileEncoding = 4; lastKnownFileType = sourcecode.swift; path = MainMenuScene.swift; sourceTree = "<group>"; };
		D380FC121CFCD7C600E440C0 /* MainMenuScene.sks */ = {isa = PBXFileReference; lastKnownFileType = file.sks; path = MainMenuScene.sks; sourceTree = "<group>"; };
		D380FC151CFCF13600E440C0 /* Prototype.ttf */ = {isa = PBXFileReference; lastKnownFileType = file; path = Prototype.ttf; sourceTree = "<group>"; };
		D380FC181CFD0C1C00E440C0 /* GameManager.swift */ = {isa = PBXFileReference; fileEncoding = 4; lastKnownFileType = sourcecode.swift; path = GameManager.swift; sourceTree = "<group>"; };
		D380FC1C1CFD0DB900E440C0 /* Ball.swift */ = {isa = PBXFileReference; fileEncoding = 4; lastKnownFileType = sourcecode.swift; path = Ball.swift; sourceTree = "<group>"; };
		D380FC1F1CFE3DD000E440C0 /* Constants.swift */ = {isa = PBXFileReference; fileEncoding = 4; lastKnownFileType = sourcecode.swift; path = Constants.swift; sourceTree = "<group>"; };
		D380FC211CFE3FE700E440C0 /* GameplayScene.swift */ = {isa = PBXFileReference; fileEncoding = 4; lastKnownFileType = sourcecode.swift; path = GameplayScene.swift; sourceTree = "<group>"; };
		D380FC231CFE3FF300E440C0 /* GameplayScene.sks */ = {isa = PBXFileReference; lastKnownFileType = file.sks; path = GameplayScene.sks; sourceTree = "<group>"; };
		D39805541CFF8708004FC35A /* GameoverScene.swift */ = {isa = PBXFileReference; fileEncoding = 4; lastKnownFileType = sourcecode.swift; path = GameoverScene.swift; sourceTree = "<group>"; };
		D39805561CFF8715004FC35A /* GameoverScene.sks */ = {isa = PBXFileReference; lastKnownFileType = file.sks; path = GameoverScene.sks; sourceTree = "<group>"; };
		D3ABD28B1D0A357400BD904D /* StoreKit.framework */ = {isa = PBXFileReference; lastKnownFileType = wrapper.framework; name = StoreKit.framework; path = System/Library/Frameworks/StoreKit.framework; sourceTree = SDKROOT; };
		D3B744A41D04B11400744691 /* GameKit.framework */ = {isa = PBXFileReference; lastKnownFileType = wrapper.framework; name = GameKit.framework; path = System/Library/Frameworks/GameKit.framework; sourceTree = SDKROOT; };
		D3B744A61D04B23300744691 /* GoogleMobileAds.framework */ = {isa = PBXFileReference; lastKnownFileType = wrapper.framework; path = GoogleMobileAds.framework; sourceTree = "<group>"; };
		D3B744B11D04C00700744691 /* Smoke.sks */ = {isa = PBXFileReference; lastKnownFileType = file.sks; path = Smoke.sks; sourceTree = "<group>"; };
/* End PBXFileReference section */

/* Begin PBXFrameworksBuildPhase section */
		D380FBD41CFCD62700E440C0 /* Frameworks */ = {
			isa = PBXFrameworksBuildPhase;
			buildActionMask = 2147483647;
			files = (
				D308305B1D0B026200DA49FA /* AVKit.framework in Frameworks */,
				D3ABD28C1D0A357400BD904D /* StoreKit.framework in Frameworks */,
				D3B744A71D04B23300744691 /* GoogleMobileAds.framework in Frameworks */,
				D3B744A51D04B11400744691 /* GameKit.framework in Frameworks */,
			);
			runOnlyForDeploymentPostprocessing = 0;
		};
		D380FBEC1CFCD62800E440C0 /* Frameworks */ = {
			isa = PBXFrameworksBuildPhase;
			buildActionMask = 2147483647;
			files = (
			);
			runOnlyForDeploymentPostprocessing = 0;
		};
		D380FBF71CFCD62800E440C0 /* Frameworks */ = {
			isa = PBXFrameworksBuildPhase;
			buildActionMask = 2147483647;
			files = (
			);
			runOnlyForDeploymentPostprocessing = 0;
		};
/* End PBXFrameworksBuildPhase section */

/* Begin PBXGroup section */
		D380FBCE1CFCD62700E440C0 = {
			isa = PBXGroup;
			children = (
				D308305A1D0B026200DA49FA /* AVKit.framework */,
				D3ABD28B1D0A357400BD904D /* StoreKit.framework */,
				D3B744A61D04B23300744691 /* GoogleMobileAds.framework */,
				D3B744A41D04B11400744691 /* GameKit.framework */,
				D380FBD91CFCD62700E440C0 /* Deflector Balls */,
				D380FC1E1CFE3DBB00E440C0 /* Constants */,
				D380FC171CFD0BE400E440C0 /* Game Manager */,
				D380FC0D1CFCD77400E440C0 /* Classes */,
				D380FC0E1CFCD77A00E440C0 /* Scenes */,
				D380FC0F1CFCD77F00E440C0 /* Assets */,
				D380FBF21CFCD62800E440C0 /* Deflector BallsTests */,
				D380FBFD1CFCD62800E440C0 /* Deflector BallsUITests */,
				D380FBD81CFCD62700E440C0 /* Products */,
			);
			sourceTree = "<group>";
		};
		D380FBD81CFCD62700E440C0 /* Products */ = {
			isa = PBXGroup;
			children = (
				D380FBD71CFCD62700E440C0 /* Deflector Balls.app */,
				D380FBEF1CFCD62800E440C0 /* Deflector BallsTests.xctest */,
				D380FBFA1CFCD62800E440C0 /* Deflector BallsUITests.xctest */,
			);
			name = Products;
			sourceTree = "<group>";
		};
		D380FBD91CFCD62700E440C0 /* Deflector Balls */ = {
			isa = PBXGroup;
			children = (
				D380FBDA1CFCD62700E440C0 /* AppDelegate.swift */,
				D380FBE01CFCD62700E440C0 /* GameViewController.swift */,
				D380FBE21CFCD62700E440C0 /* Main.storyboard */,
				D380FBE51CFCD62800E440C0 /* Assets.xcassets */,
				D380FBE71CFCD62800E440C0 /* LaunchScreen.storyboard */,
				D380FBEA1CFCD62800E440C0 /* Info.plist */,
			);
			path = "Deflector Balls";
			sourceTree = "<group>";
		};
		D380FBF21CFCD62800E440C0 /* Deflector BallsTests */ = {
			isa = PBXGroup;
			children = (
				D380FBF31CFCD62800E440C0 /* Deflector_BallsTests.swift */,
				D380FBF51CFCD62800E440C0 /* Info.plist */,
			);
			path = "Deflector BallsTests";
			sourceTree = "<group>";
		};
		D380FBFD1CFCD62800E440C0 /* Deflector BallsUITests */ = {
			isa = PBXGroup;
			children = (
				D380FBFE1CFCD62800E440C0 /* Deflector_BallsUITests.swift */,
				D380FC001CFCD62800E440C0 /* Info.plist */,
			);
			path = "Deflector BallsUITests";
			sourceTree = "<group>";
		};
		D380FC0D1CFCD77400E440C0 /* Classes */ = {
			isa = PBXGroup;
			children = (
				D3B744A81D04BF4E00744691 /* Particle Files */,
				D380FC1B1CFD0DAD00E440C0 /* Ball */,
				D380FC1A1CFD0DA400E440C0 /* Scene Classes */,
			);
			name = Classes;
			sourceTree = "<group>";
		};
		D380FC0E1CFCD77A00E440C0 /* Scenes */ = {
			isa = PBXGroup;
			children = (
				D380FC121CFCD7C600E440C0 /* MainMenuScene.sks */,
				D380FC231CFE3FF300E440C0 /* GameplayScene.sks */,
				D39805561CFF8715004FC35A /* GameoverScene.sks */,
			);
			name = Scenes;
			sourceTree = "<group>";
		};
		D380FC0F1CFCD77F00E440C0 /* Assets */ = {
			isa = PBXGroup;
			children = (
				D3B744C31D04CAD800744691 /* Sounds / Music */,
				D380FC141CFCF10100E440C0 /* Fonts */,
			);
			name = Assets;
			sourceTree = "<group>";
		};
		D380FC141CFCF10100E440C0 /* Fonts */ = {
			isa = PBXGroup;
			children = (
				D380FC151CFCF13600E440C0 /* Prototype.ttf */,
			);
			name = Fonts;
			sourceTree = "<group>";
		};
		D380FC171CFD0BE400E440C0 /* Game Manager */ = {
			isa = PBXGroup;
			children = (
				D380FC181CFD0C1C00E440C0 /* GameManager.swift */,
			);
			name = "Game Manager";
			sourceTree = "<group>";
		};
		D380FC1A1CFD0DA400E440C0 /* Scene Classes */ = {
			isa = PBXGroup;
			children = (
				D380FC101CFCD7AF00E440C0 /* MainMenuScene.swift */,
				D380FC211CFE3FE700E440C0 /* GameplayScene.swift */,
				D39805541CFF8708004FC35A /* GameoverScene.swift */,
			);
			name = "Scene Classes";
			sourceTree = "<group>";
		};
		D380FC1B1CFD0DAD00E440C0 /* Ball */ = {
			isa = PBXGroup;
			children = (
				D380FC1C1CFD0DB900E440C0 /* Ball.swift */,
			);
			name = Ball;
			sourceTree = "<group>";
		};
		D380FC1E1CFE3DBB00E440C0 /* Constants */ = {
			isa = PBXGroup;
			children = (
				D380FC1F1CFE3DD000E440C0 /* Constants.swift */,
			);
			name = Constants;
			sourceTree = "<group>";
		};
		D3B744A81D04BF4E00744691 /* Particle Files */ = {
			isa = PBXGroup;
			children = (
				D3B744B11D04C00700744691 /* Smoke.sks */,
			);
			name = "Particle Files";
			sourceTree = "<group>";
		};
		D3B744C31D04CAD800744691 /* Sounds / Music */ = {
			isa = PBXGroup;
			children = (
				D309C4811D04CFC1007FD5C8 /* Menu Selection Click.wav */,
				D309C48F1D07895E007FD5C8 /* Powerup2.mp3 */,
				D309C48B1D073DA3007FD5C8 /* IncorrectSound1.mp3 */,
				D309C4891D063DBF007FD5C8 /* BallDeflectedSound5.mp3 */,
			);
			name = "Sounds / Music";
			sourceTree = "<group>";
		};
/* End PBXGroup section */

/* Begin PBXNativeTarget section */
		D380FBD61CFCD62700E440C0 /* Deflector Balls */ = {
			isa = PBXNativeTarget;
			buildConfigurationList = D380FC031CFCD62800E440C0 /* Build configuration list for PBXNativeTarget "Deflector Balls" */;
			buildPhases = (
				D380FBD31CFCD62700E440C0 /* Sources */,
				D380FBD41CFCD62700E440C0 /* Frameworks */,
				D380FBD51CFCD62700E440C0 /* Resources */,
			);
			buildRules = (
			);
			dependencies = (
			);
			name = "Deflector Balls";
			productName = "Deflector Balls";
			productReference = D380FBD71CFCD62700E440C0 /* Deflector Balls.app */;
			productType = "com.apple.product-type.application";
		};
		D380FBEE1CFCD62800E440C0 /* Deflector BallsTests */ = {
			isa = PBXNativeTarget;
			buildConfigurationList = D380FC061CFCD62800E440C0 /* Build configuration list for PBXNativeTarget "Deflector BallsTests" */;
			buildPhases = (
				D380FBEB1CFCD62800E440C0 /* Sources */,
				D380FBEC1CFCD62800E440C0 /* Frameworks */,
				D380FBED1CFCD62800E440C0 /* Resources */,
			);
			buildRules = (
			);
			dependencies = (
				D380FBF11CFCD62800E440C0 /* PBXTargetDependency */,
			);
			name = "Deflector BallsTests";
			productName = "Deflector BallsTests";
			productReference = D380FBEF1CFCD62800E440C0 /* Deflector BallsTests.xctest */;
			productType = "com.apple.product-type.bundle.unit-test";
		};
		D380FBF91CFCD62800E440C0 /* Deflector BallsUITests */ = {
			isa = PBXNativeTarget;
			buildConfigurationList = D380FC091CFCD62800E440C0 /* Build configuration list for PBXNativeTarget "Deflector BallsUITests" */;
			buildPhases = (
				D380FBF61CFCD62800E440C0 /* Sources */,
				D380FBF71CFCD62800E440C0 /* Frameworks */,
				D380FBF81CFCD62800E440C0 /* Resources */,
			);
			buildRules = (
			);
			dependencies = (
				D380FBFC1CFCD62800E440C0 /* PBXTargetDependency */,
			);
			name = "Deflector BallsUITests";
			productName = "Deflector BallsUITests";
			productReference = D380FBFA1CFCD62800E440C0 /* Deflector BallsUITests.xctest */;
			productType = "com.apple.product-type.bundle.ui-testing";
		};
/* End PBXNativeTarget section */

/* Begin PBXProject section */
		D380FBCF1CFCD62700E440C0 /* Project object */ = {
			isa = PBXProject;
			attributes = {
				LastSwiftUpdateCheck = 0730;
				LastUpgradeCheck = 0730;
				ORGANIZATIONNAME = codebluapps;
				TargetAttributes = {
					D380FBD61CFCD62700E440C0 = {
						CreatedOnToolsVersion = 7.3.1;
						DevelopmentTeam = 4MT66R8K77;
						LastSwiftMigration = 0820;
					};
					D380FBEE1CFCD62800E440C0 = {
						CreatedOnToolsVersion = 7.3.1;
						LastSwiftMigration = 0820;
						TestTargetID = D380FBD61CFCD62700E440C0;
					};
					D380FBF91CFCD62800E440C0 = {
						CreatedOnToolsVersion = 7.3.1;
						LastSwiftMigration = 0820;
						TestTargetID = D380FBD61CFCD62700E440C0;
					};
				};
			};
			buildConfigurationList = D380FBD21CFCD62700E440C0 /* Build configuration list for PBXProject "Deflector Balls" */;
			compatibilityVersion = "Xcode 3.2";
			developmentRegion = English;
			hasScannedForEncodings = 0;
			knownRegions = (
				en,
				Base,
			);
			mainGroup = D380FBCE1CFCD62700E440C0;
			productRefGroup = D380FBD81CFCD62700E440C0 /* Products */;
			projectDirPath = "";
			projectRoot = "";
			targets = (
				D380FBD61CFCD62700E440C0 /* Deflector Balls */,
				D380FBEE1CFCD62800E440C0 /* Deflector BallsTests */,
				D380FBF91CFCD62800E440C0 /* Deflector BallsUITests */,
			);
		};
/* End PBXProject section */

/* Begin PBXResourcesBuildPhase section */
		D380FBD51CFCD62700E440C0 /* Resources */ = {
			isa = PBXResourcesBuildPhase;
			buildActionMask = 2147483647;
			files = (
				D380FBE91CFCD62800E440C0 /* LaunchScreen.storyboard in Resources */,
				D380FC161CFCF13600E440C0 /* Prototype.ttf in Resources */,
				D309C4821D04CFC1007FD5C8 /* Menu Selection Click.wav in Resources */,
				D380FBE61CFCD62800E440C0 /* Assets.xcassets in Resources */,
				D309C4901D07895E007FD5C8 /* Powerup2.mp3 in Resources */,
				D380FBE41CFCD62700E440C0 /* Main.storyboard in Resources */,
				D309C48C1D073DA3007FD5C8 /* IncorrectSound1.mp3 in Resources */,
				D39805571CFF8715004FC35A /* GameoverScene.sks in Resources */,
				D380FC241CFE3FF300E440C0 /* GameplayScene.sks in Resources */,
				D309C48A1D063DBF007FD5C8 /* BallDeflectedSound5.mp3 in Resources */,
				D380FC131CFCD7C600E440C0 /* MainMenuScene.sks in Resources */,
				D3B744B31D04C00700744691 /* Smoke.sks in Resources */,
			);
			runOnlyForDeploymentPostprocessing = 0;
		};
		D380FBED1CFCD62800E440C0 /* Resources */ = {
			isa = PBXResourcesBuildPhase;
			buildActionMask = 2147483647;
			files = (
			);
			runOnlyForDeploymentPostprocessing = 0;
		};
		D380FBF81CFCD62800E440C0 /* Resources */ = {
			isa = PBXResourcesBuildPhase;
			buildActionMask = 2147483647;
			files = (
			);
			runOnlyForDeploymentPostprocessing = 0;
		};
/* End PBXResourcesBuildPhase section */

/* Begin PBXSourcesBuildPhase section */
		D380FBD31CFCD62700E440C0 /* Sources */ = {
			isa = PBXSourcesBuildPhase;
			buildActionMask = 2147483647;
			files = (
				D380FBE11CFCD62700E440C0 /* GameViewController.swift in Sources */,
				D380FC191CFD0C1C00E440C0 /* GameManager.swift in Sources */,
				D39805551CFF8708004FC35A /* GameoverScene.swift in Sources */,
				D380FC221CFE3FE700E440C0 /* GameplayScene.swift in Sources */,
				D380FC1D1CFD0DB900E440C0 /* Ball.swift in Sources */,
				D380FC111CFCD7AF00E440C0 /* MainMenuScene.swift in Sources */,
				D380FBDB1CFCD62700E440C0 /* AppDelegate.swift in Sources */,
				D380FC201CFE3DD000E440C0 /* Constants.swift in Sources */,
			);
			runOnlyForDeploymentPostprocessing = 0;
		};
		D380FBEB1CFCD62800E440C0 /* Sources */ = {
			isa = PBXSourcesBuildPhase;
			buildActionMask = 2147483647;
			files = (
				D380FBF41CFCD62800E440C0 /* Deflector_BallsTests.swift in Sources */,
			);
			runOnlyForDeploymentPostprocessing = 0;
		};
		D380FBF61CFCD62800E440C0 /* Sources */ = {
			isa = PBXSourcesBuildPhase;
			buildActionMask = 2147483647;
			files = (
				D380FBFF1CFCD62800E440C0 /* Deflector_BallsUITests.swift in Sources */,
			);
			runOnlyForDeploymentPostprocessing = 0;
		};
/* End PBXSourcesBuildPhase section */

/* Begin PBXTargetDependency section */
		D380FBF11CFCD62800E440C0 /* PBXTargetDependency */ = {
			isa = PBXTargetDependency;
			target = D380FBD61CFCD62700E440C0 /* Deflector Balls */;
			targetProxy = D380FBF01CFCD62800E440C0 /* PBXContainerItemProxy */;
		};
		D380FBFC1CFCD62800E440C0 /* PBXTargetDependency */ = {
			isa = PBXTargetDependency;
			target = D380FBD61CFCD62700E440C0 /* Deflector Balls */;
			targetProxy = D380FBFB1CFCD62800E440C0 /* PBXContainerItemProxy */;
		};
/* End PBXTargetDependency section */

/* Begin PBXVariantGroup section */
		D380FBE21CFCD62700E440C0 /* Main.storyboard */ = {
			isa = PBXVariantGroup;
			children = (
				D380FBE31CFCD62700E440C0 /* Base */,
			);
			name = Main.storyboard;
			sourceTree = "<group>";
		};
		D380FBE71CFCD62800E440C0 /* LaunchScreen.storyboard */ = {
			isa = PBXVariantGroup;
			children = (
				D380FBE81CFCD62800E440C0 /* Base */,
			);
			name = LaunchScreen.storyboard;
			sourceTree = "<group>";
		};
/* End PBXVariantGroup section */

/* Begin XCBuildConfiguration section */
		D380FC011CFCD62800E440C0 /* Debug */ = {
			isa = XCBuildConfiguration;
			buildSettings = {
				ALWAYS_SEARCH_USER_PATHS = NO;
				CLANG_ANALYZER_NONNULL = YES;
				CLANG_CXX_LANGUAGE_STANDARD = "gnu++0x";
				CLANG_CXX_LIBRARY = "libc++";
				CLANG_ENABLE_MODULES = YES;
				CLANG_ENABLE_OBJC_ARC = YES;
				CLANG_WARN_BOOL_CONVERSION = YES;
				CLANG_WARN_CONSTANT_CONVERSION = YES;
				CLANG_WARN_DIRECT_OBJC_ISA_USAGE = YES_ERROR;
				CLANG_WARN_EMPTY_BODY = YES;
				CLANG_WARN_ENUM_CONVERSION = YES;
				CLANG_WARN_INT_CONVERSION = YES;
				CLANG_WARN_OBJC_ROOT_CLASS = YES_ERROR;
				CLANG_WARN_UNREACHABLE_CODE = YES;
				CLANG_WARN__DUPLICATE_METHOD_MATCH = YES;
				"CODE_SIGN_IDENTITY[sdk=iphoneos*]" = "iPhone Developer";
				COPY_PHASE_STRIP = NO;
				DEBUG_INFORMATION_FORMAT = "dwarf-with-dsym";
				ENABLE_BITCODE = NO;
				ENABLE_STRICT_OBJC_MSGSEND = YES;
				ENABLE_TESTABILITY = YES;
				GCC_C_LANGUAGE_STANDARD = gnu99;
				GCC_DYNAMIC_NO_PIC = NO;
				GCC_NO_COMMON_BLOCKS = YES;
				GCC_OPTIMIZATION_LEVEL = 0;
				GCC_PREPROCESSOR_DEFINITIONS = (
					"DEBUG=1",
					"$(inherited)",
				);
				GCC_WARN_64_TO_32_BIT_CONVERSION = YES;
				GCC_WARN_ABOUT_RETURN_TYPE = YES_ERROR;
				GCC_WARN_UNDECLARED_SELECTOR = YES;
				GCC_WARN_UNINITIALIZED_AUTOS = YES_AGGRESSIVE;
				GCC_WARN_UNUSED_FUNCTION = YES;
				GCC_WARN_UNUSED_VARIABLE = YES;
				IPHONEOS_DEPLOYMENT_TARGET = 9.3;
				MTL_ENABLE_DEBUG_INFO = YES;
				ONLY_ACTIVE_ARCH = YES;
				SDKROOT = iphoneos;
				SWIFT_OPTIMIZATION_LEVEL = "-Onone";
			};
			name = Debug;
		};
		D380FC021CFCD62800E440C0 /* Release */ = {
			isa = XCBuildConfiguration;
			buildSettings = {
				ALWAYS_SEARCH_USER_PATHS = NO;
				CLANG_ANALYZER_NONNULL = YES;
				CLANG_CXX_LANGUAGE_STANDARD = "gnu++0x";
				CLANG_CXX_LIBRARY = "libc++";
				CLANG_ENABLE_MODULES = YES;
				CLANG_ENABLE_OBJC_ARC = YES;
				CLANG_WARN_BOOL_CONVERSION = YES;
				CLANG_WARN_CONSTANT_CONVERSION = YES;
				CLANG_WARN_DIRECT_OBJC_ISA_USAGE = YES_ERROR;
				CLANG_WARN_EMPTY_BODY = YES;
				CLANG_WARN_ENUM_CONVERSION = YES;
				CLANG_WARN_INT_CONVERSION = YES;
				CLANG_WARN_OBJC_ROOT_CLASS = YES_ERROR;
				CLANG_WARN_UNREACHABLE_CODE = YES;
				CLANG_WARN__DUPLICATE_METHOD_MATCH = YES;
				"CODE_SIGN_IDENTITY[sdk=iphoneos*]" = "iPhone Developer";
				COPY_PHASE_STRIP = NO;
				DEBUG_INFORMATION_FORMAT = "dwarf-with-dsym";
				ENABLE_BITCODE = NO;
				ENABLE_NS_ASSERTIONS = NO;
				ENABLE_STRICT_OBJC_MSGSEND = YES;
				GCC_C_LANGUAGE_STANDARD = gnu99;
				GCC_NO_COMMON_BLOCKS = YES;
				GCC_WARN_64_TO_32_BIT_CONVERSION = YES;
				GCC_WARN_ABOUT_RETURN_TYPE = YES_ERROR;
				GCC_WARN_UNDECLARED_SELECTOR = YES;
				GCC_WARN_UNINITIALIZED_AUTOS = YES_AGGRESSIVE;
				GCC_WARN_UNUSED_FUNCTION = YES;
				GCC_WARN_UNUSED_VARIABLE = YES;
				IPHONEOS_DEPLOYMENT_TARGET = 9.3;
				MTL_ENABLE_DEBUG_INFO = NO;
				SDKROOT = iphoneos;
				VALIDATE_PRODUCT = YES;
			};
			name = Release;
		};
		D380FC041CFCD62800E440C0 /* Debug */ = {
			isa = XCBuildConfiguration;
			buildSettings = {
				ASSETCATALOG_COMPILER_APPICON_NAME = AppIcon;
				CODE_SIGN_IDENTITY = "iPhone Developer";
				"CODE_SIGN_IDENTITY[sdk=iphoneos*]" = "iPhone Developer";
				ENABLE_BITCODE = NO;
				FRAMEWORK_SEARCH_PATHS = (
					"$(inherited)",
					"$(PROJECT_DIR)",
				);
				INFOPLIST_FILE = "Deflector Balls/Info.plist";
				IPHONEOS_DEPLOYMENT_TARGET = 8.0;
				LD_RUNPATH_SEARCH_PATHS = "$(inherited) @executable_path/Frameworks";
				PRODUCT_BUNDLE_IDENTIFIER = com.codebluapps.DeflectIt;
				PRODUCT_NAME = "$(TARGET_NAME)";
				PROVISIONING_PROFILE = "";
				SWIFT_VERSION = 3.0;
			};
			name = Debug;
		};
		D380FC051CFCD62800E440C0 /* Release */ = {
			isa = XCBuildConfiguration;
			buildSettings = {
				ASSETCATALOG_COMPILER_APPICON_NAME = AppIcon;
				CODE_SIGN_IDENTITY = "iPhone Developer";
				"CODE_SIGN_IDENTITY[sdk=iphoneos*]" = "iPhone Developer";
				ENABLE_BITCODE = NO;
				FRAMEWORK_SEARCH_PATHS = (
					"$(inherited)",
					"$(PROJECT_DIR)",
				);
				INFOPLIST_FILE = "Deflector Balls/Info.plist";
				IPHONEOS_DEPLOYMENT_TARGET = 8.0;
				LD_RUNPATH_SEARCH_PATHS = "$(inherited) @executable_path/Frameworks";
				PRODUCT_BUNDLE_IDENTIFIER = com.codebluapps.DeflectIt;
				PRODUCT_NAME = "$(TARGET_NAME)";
				PROVISIONING_PROFILE = "";
				SWIFT_VERSION = 3.0;
			};
			name = Release;
		};
		D380FC071CFCD62800E440C0 /* Debug */ = {
			isa = XCBuildConfiguration;
			buildSettings = {
				BUNDLE_LOADER = "$(TEST_HOST)";
				DEBUG_INFORMATION_FORMAT = dwarf;
				INFOPLIST_FILE = "Deflector BallsTests/Info.plist";
				LD_RUNPATH_SEARCH_PATHS = "$(inherited) @executable_path/Frameworks @loader_path/Frameworks";
				PRODUCT_BUNDLE_IDENTIFIER = "com.codebluapps.Deflector-BallsTests";
				PRODUCT_NAME = "$(TARGET_NAME)";
				SWIFT_VERSION = 3.0;
				TEST_HOST = "$(BUILT_PRODUCTS_DIR)/Deflector Balls.app/Deflector Balls";
			};
			name = Debug;
		};
		D380FC081CFCD62800E440C0 /* Release */ = {
			isa = XCBuildConfiguration;
			buildSettings = {
				BUNDLE_LOADER = "$(TEST_HOST)";
				INFOPLIST_FILE = "Deflector BallsTests/Info.plist";
				LD_RUNPATH_SEARCH_PATHS = "$(inherited) @executable_path/Frameworks @loader_path/Frameworks";
				PRODUCT_BUNDLE_IDENTIFIER = "com.codebluapps.Deflector-BallsTests";
				PRODUCT_NAME = "$(TARGET_NAME)";
				SWIFT_VERSION = 3.0;
				TEST_HOST = "$(BUILT_PRODUCTS_DIR)/Deflector Balls.app/Deflector Balls";
			};
			name = Release;
		};
		D380FC0A1CFCD62800E440C0 /* Debug */ = {
			isa = XCBuildConfiguration;
			buildSettings = {
				DEBUG_INFORMATION_FORMAT = dwarf;
				INFOPLIST_FILE = "Deflector BallsUITests/Info.plist";
				LD_RUNPATH_SEARCH_PATHS = "$(inherited) @executable_path/Frameworks @loader_path/Frameworks";
				PRODUCT_BUNDLE_IDENTIFIER = "com.codebluapps.Deflector-BallsUITests";
				PRODUCT_NAME = "$(TARGET_NAME)";
				SWIFT_VERSION = 3.0;
				TEST_TARGET_NAME = "Deflector Balls";
			};
			name = Debug;
		};
		D380FC0B1CFCD62800E440C0 /* Release */ = {
			isa = XCBuildConfiguration;
			buildSettings = {
				INFOPLIST_FILE = "Deflector BallsUITests/Info.plist";
				LD_RUNPATH_SEARCH_PATHS = "$(inherited) @executable_path/Frameworks @loader_path/Frameworks";
				PRODUCT_BUNDLE_IDENTIFIER = "com.codebluapps.Deflector-BallsUITests";
				PRODUCT_NAME = "$(TARGET_NAME)";
				SWIFT_VERSION = 3.0;
				TEST_TARGET_NAME = "Deflector Balls";
			};
			name = Release;
		};
/* End XCBuildConfiguration section */

/* Begin XCConfigurationList section */
		D380FBD21CFCD62700E440C0 /* Build configuration list for PBXProject "Deflector Balls" */ = {
			isa = XCConfigurationList;
			buildConfigurations = (
				D380FC011CFCD62800E440C0 /* Debug */,
				D380FC021CFCD62800E440C0 /* Release */,
			);
			defaultConfigurationIsVisible = 0;
			defaultConfigurationName = Release;
		};
		D380FC031CFCD62800E440C0 /* Build configuration list for PBXNativeTarget "Deflector Balls" */ = {
			isa = XCConfigurationList;
			buildConfigurations = (
				D380FC041CFCD62800E440C0 /* Debug */,
				D380FC051CFCD62800E440C0 /* Release */,
			);
			defaultConfigurationIsVisible = 0;
			defaultConfigurationName = Release;
		};
		D380FC061CFCD62800E440C0 /* Build configuration list for PBXNativeTarget "Deflector BallsTests" */ = {
			isa = XCConfigurationList;
			buildConfigurations = (
				D380FC071CFCD62800E440C0 /* Debug */,
				D380FC081CFCD62800E440C0 /* Release */,
			);
			defaultConfigurationIsVisible = 0;
			defaultConfigurationName = Release;
		};
		D380FC091CFCD62800E440C0 /* Build configuration list for PBXNativeTarget "Deflector BallsUITests" */ = {
			isa = XCConfigurationList;
			buildConfigurations = (
				D380FC0A1CFCD62800E440C0 /* Debug */,
				D380FC0B1CFCD62800E440C0 /* Release */,
			);
			defaultConfigurationIsVisible = 0;
			defaultConfigurationName = Release;
		};
/* End XCConfigurationList section */
	};
	rootObject = D380FBCF1CFCD62700E440C0 /* Project object */;
}
